# Generated by buf. DO NOT EDIT.
version: v2
deps:
  - name: buf.build/envoyproxy/protoc-gen-validate
    commit: daf171c6cdb54629b5f51e345a79e4dd
    digest: b5:c745e1521879f43740230b1df673d0729f55704efefdcfc489d4a0a2d40c92a26cacfeab62813403040a8b180142d53b398c7ca784a065e43823605ee49681de
  - name: buf.build/googleapis/googleapis
    commit: e7f8d366f5264595bcc4cd4139af9973
    digest: b5:0cd69a689ee320ed815663d57d1bc3a1d6823224a7a717d46fee3a68197c25a6f5f932c0b0e49f8370c70c247a6635969a6a54af5345cafd51e0667298768aca
